
Microsoft Visual Studio Solution File, Format Version 12.00
# Visual Studio Version 17
VisualStudioVersion = 17.5.002.0
MinimumVisualStudioVersion = 10.0.40219.1
Project("{9A19103F-16F7-4668-BE54-9A1E7A4F7556}") = "BHBq", "BHBq.csproj", "{49307A68-E0DD-494F-AC79-84B3C314C649}"
EndProject
Global
	GlobalSection(SolutionConfigurationPlatforms) = preSolution
		Debug|Any CPU = Debug|Any CPU
		Release|Any CPU = Release|Any CPU
	EndGlobalSection
	GlobalSection(ProjectConfigurationPlatforms) = postSolution
		{49307A68-E0DD-494F-AC79-84B3C314C649}.Debug|Any CPU.ActiveCfg = Debug|Any CPU
		{49307A68-E0DD-494F-AC79-84B3C314C649}.Debug|Any CPU.Build.0 = Debug|Any CPU
		{49307A68-E0DD-494F-AC79-84B3C314C649}.Release|Any CPU.ActiveCfg = Release|Any CPU
		{49307A68-E0DD-494F-AC79-84B3C314C649}.Release|Any CPU.Build.0 = Release|Any CPU
	EndGlobalSection
	GlobalSection(SolutionProperties) = preSolution
		HideSolutionNode = FALSE
	EndGlobalSection
	GlobalSection(ExtensibilityGlobals) = postSolution
		SolutionGuid = {8520AE1C-FBB3-4343-92DA-27C554643C61}
	EndGlobalSection
EndGlobal
